
Microsoft Visual Studio Solution File, Format Version 12.00
# Visual Studio Version 17
VisualStudioVersion = 17.3.32929.385
MinimumVisualStudioVersion = 10.0.40219.1
Project("{FAE04EC0-301F-11D3-BF4B-00C04F79EFBC}") = "RUSHTestFramework", "RUSHTestFramework\RUSHTestFramework.csproj", "{38B224A7-EB65-4F9B-A4CB-1C147E780ADE}"
EndProject
Global
	GlobalSection(SolutionConfigurationPlatforms) = preSolution
		Debug|Any CPU = Debug|Any CPU
		Release|Any CPU = Release|Any CPU
	EndGlobalSection
	GlobalSection(ProjectConfigurationPlatforms) = postSolution
		{38B224A7-EB65-4F9B-A4CB-1C147E780ADE}.Debug|Any CPU.ActiveCfg = Debug|Any CPU
		{38B224A7-EB65-4F9B-A4CB-1C147E780ADE}.Debug|Any CPU.Build.0 = Debug|Any CPU
		{38B224A7-EB65-4F9B-A4CB-1C147E780ADE}.Release|Any CPU.ActiveCfg = Release|Any CPU
		{38B224A7-EB65-4F9B-A4CB-1C147E780ADE}.Release|Any CPU.Build.0 = Release|Any CPU
	EndGlobalSection
	GlobalSection(SolutionProperties) = preSolution
		HideSolutionNode = FALSE
	EndGlobalSection
	GlobalSection(ExtensibilityGlobals) = postSolution
		SolutionGuid = {87758B2B-A88D-4BDE-96D2-61E4FB167AA7}
	EndGlobalSection
EndGlobal
